
Microsoft Visual Studio Solution File, Format Version 12.00
# Visual Studio 2012
Project("{FAE04EC0-301F-11D3-BF4B-00C04F79EFBC}") = "BattleField.Common", "BattleField.Common\BattleField.Common.csproj", "{087CD843-54F0-4F3E-849F-31297DAA810D}"
EndProject
Project("{FAE04EC0-301F-11D3-BF4B-00C04F79EFBC}") = "BattleField.Main", "BattleField.Main\BattleField.Main.csproj", "{3A2E8FF3-38E4-4448-9CF5-C19EA2447969}"
EndProject
Project("{FAE04EC0-301F-11D3-BF4B-00C04F79EFBC}") = "BattleField.Common.Tests", "BattleField.Common.Tests\BattleField.Common.Tests.csproj", "{AB0996DA-2D44-44E7-8276-BB0643B7C29B}"
EndProject
Global
	GlobalSection(SolutionConfigurationPlatforms) = preSolution
		Debug|Any CPU = Debug|Any CPU
		Release|Any CPU = Release|Any CPU
	EndGlobalSection
	GlobalSection(ProjectConfigurationPlatforms) = postSolution
		{087CD843-54F0-4F3E-849F-31297DAA810D}.Debug|Any CPU.ActiveCfg = Debug|Any CPU
		{087CD843-54F0-4F3E-849F-31297DAA810D}.Debug|Any CPU.Build.0 = Debug|Any CPU
		{087CD843-54F0-4F3E-849F-31297DAA810D}.Release|Any CPU.ActiveCfg = Release|Any CPU
		{087CD843-54F0-4F3E-849F-31297DAA810D}.Release|Any CPU.Build.0 = Release|Any CPU
		{3A2E8FF3-38E4-4448-9CF5-C19EA2447969}.Debug|Any CPU.ActiveCfg = Debug|Any CPU
		{3A2E8FF3-38E4-4448-9CF5-C19EA2447969}.Debug|Any CPU.Build.0 = Debug|Any CPU
		{3A2E8FF3-38E4-4448-9CF5-C19EA2447969}.Release|Any CPU.ActiveCfg = Release|Any CPU
		{3A2E8FF3-38E4-4448-9CF5-C19EA2447969}.Release|Any CPU.Build.0 = Release|Any CPU
		{AB0996DA-2D44-44E7-8276-BB0643B7C29B}.Debug|Any CPU.ActiveCfg = Debug|Any CPU
		{AB0996DA-2D44-44E7-8276-BB0643B7C29B}.Debug|Any CPU.Build.0 = Debug|Any CPU
		{AB0996DA-2D44-44E7-8276-BB0643B7C29B}.Release|Any CPU.ActiveCfg = Release|Any CPU
		{AB0996DA-2D44-44E7-8276-BB0643B7C29B}.Release|Any CPU.Build.0 = Release|Any CPU
	EndGlobalSection
	GlobalSection(SolutionProperties) = preSolution
		HideSolutionNode = FALSE
	EndGlobalSection
EndGlobal
